
Microsoft Visual Studio Solution File, Format Version 12.00
# Visual Studio Version 17
VisualStudioVersion = 17.5.002.0
MinimumVisualStudioVersion = 10.0.40219.1
Project("{2150E333-8FDC-42A3-9474-1A3956D46DE8}") = "week3", "week3", "{2002AD9C-3A49-47AC-971D-5F9642A895BF}"
EndProject
Project("{9A19103F-16F7-4668-BE54-9A1E7A4F7556}") = "taskManager", "week3\taskManager\taskManager.csproj", "{64F5DD09-7B12-432C-AB44-EAA994391DC5}"
EndProject
Global
	GlobalSection(SolutionConfigurationPlatforms) = preSolution
		Debug|Any CPU = Debug|Any CPU
		Release|Any CPU = Release|Any CPU
	EndGlobalSection
	GlobalSection(ProjectConfigurationPlatforms) = postSolution
		{64F5DD09-7B12-432C-AB44-EAA994391DC5}.Debug|Any CPU.ActiveCfg = Debug|Any CPU
		{64F5DD09-7B12-432C-AB44-EAA994391DC5}.Debug|Any CPU.Build.0 = Debug|Any CPU
		{64F5DD09-7B12-432C-AB44-EAA994391DC5}.Release|Any CPU.ActiveCfg = Release|Any CPU
		{64F5DD09-7B12-432C-AB44-EAA994391DC5}.Release|Any CPU.Build.0 = Release|Any CPU
	EndGlobalSection
	GlobalSection(SolutionProperties) = preSolution
		HideSolutionNode = FALSE
	EndGlobalSection
	GlobalSection(NestedProjects) = preSolution
		{64F5DD09-7B12-432C-AB44-EAA994391DC5} = {2002AD9C-3A49-47AC-971D-5F9642A895BF}
	EndGlobalSection
	GlobalSection(ExtensibilityGlobals) = postSolution
		SolutionGuid = {54CCC31A-FA6C-4751-9FAB-869464031F78}
	EndGlobalSection
EndGlobal
